// !$*UTF8*$!
{
	archiveVersion = 1;
	classes = {
	};
	objectVersion = 46;
	objects = {

/* Begin PBXBuildFile section */
		891776B31E63F3000060A8C8 /* main.m in Sources */ = {isa = PBXBuildFile; fileRef = 891776B21E63F3000060A8C8 /* main.m */; };
		891776B61E63F3000060A8C8 /* AppDelegate.m in Sources */ = {isa = PBXBuildFile; fileRef = 891776B51E63F3000060A8C8 /* AppDelegate.m */; };
		891776B91E63F3020060A8C8 /* ViewController.m in Sources */ = {isa = PBXBuildFile; fileRef = 891776B81E63F3020060A8C8 /* ViewController.m */; };
		891776BC1E63F3020060A8C8 /* Main.storyboard in Resources */ = {isa = PBXBuildFile; fileRef = 891776BA1E63F3020060A8C8 /* Main.storyboard */; };
		891776BE1E63F3020060A8C8 /* Assets.xcassets in Resources */ = {isa = PBXBuildFile; fileRef = 891776BD1E63F3020060A8C8 /* Assets.xcassets */; };
		891776C11E63F3020060A8C8 /* LaunchScreen.storyboard in Resources */ = {isa = PBXBuildFile; fileRef = 891776BF1E63F3020060A8C8 /* LaunchScreen.storyboard */; };
		891776CE1E63FB3F0060A8C8 /* 1111.png in Resources */ = {isa = PBXBuildFile; fileRef = 891776CD1E63FB3F0060A8C8 /* 1111.png */; };
		891776D41E64237F0060A8C8 /* HeaderTemp.xib in Resources */ = {isa = PBXBuildFile; fileRef = 891776D31E64237F0060A8C8 /* HeaderTemp.xib */; };
		89A125421EC2E2830094011C /* MBStretchTableViewHeader.m in Sources */ = {isa = PBXBuildFile; fileRef = 89A125411EC2E2830094011C /* MBStretchTableViewHeader.m */; };
/* End PBXBuildFile section */

/* Begin PBXFileReference section */
		891776AE1E63F3000060A8C8 /* MBStretchTableViewHeader.app */ = {isa = PBXFileReference; explicitFileType = wrapper.application; includeInIndex = 0; path = MBStretchTableViewHeader.app; sourceTree = BUILT_PRODUCTS_DIR; };
		891776B21E63F3000060A8C8 /* main.m */ = {isa = PBXFileReference; lastKnownFileType = sourcecode.c.objc; path = main.m; sourceTree = "<group>"; };
		891776B41E63F3000060A8C8 /* AppDelegate.h */ = {isa = PBXFileReference; lastKnownFileType = sourcecode.c.h; path = AppDelegate.h; sourceTree = "<group>"; };
		891776B51E63F3000060A8C8 /* AppDelegate.m */ = {isa = PBXFileReference; lastKnownFileType = sourcecode.c.objc; path = AppDelegate.m; sourceTree = "<group>"; };
		891776B71E63F3010060A8C8 /* ViewController.h */ = {isa = PBXFileReference; lastKnownFileType = sourcecode.c.h; path = ViewController.h; sourceTree = "<group>"; };
		891776B81E63F3020060A8C8 /* ViewController.m */ = {isa = PBXFileReference; lastKnownFileType = sourcecode.c.objc; path = ViewController.m; sourceTree = "<group>"; };
		891776BB1E63F3020060A8C8 /* Base */ = {isa = PBXFileReference; lastKnownFileType = file.storyboard; name = Base; path = Base.lproj/Main.storyboard; sourceTree = "<group>"; };
		891776BD1E63F3020060A8C8 /* Assets.xcassets */ = {isa = PBXFileReference; lastKnownFileType = folder.assetcatalog; path = Assets.xcassets; sourceTree = "<group>"; };
		891776C01E63F3020060A8C8 /* Base */ = {isa = PBXFileReference; lastKnownFileType = file.storyboard; name = Base; path = Base.lproj/LaunchScreen.storyboard; sourceTree = "<group>"; };
		891776C21E63F3020060A8C8 /* Info.plist */ = {isa = PBXFileReference; lastKnownFileType = text.plist.xml; path = Info.plist; sourceTree = "<group>"; };
		891776CD1E63FB3F0060A8C8 /* 1111.png */ = {isa = PBXFileReference; lastKnownFileType = image.png; path = 1111.png; sourceTree = "<group>"; };
		891776D31E64237F0060A8C8 /* HeaderTemp.xib */ = {isa = PBXFileReference; fileEncoding = 4; lastKnownFileType = file.xib; path = HeaderTemp.xib; sourceTree = "<group>"; };
		89A125401EC2E2830094011C /* MBStretchTableViewHeader.h */ = {isa = PBXFileReference; fileEncoding = 4; lastKnownFileType = sourcecode.c.h; path = MBStretchTableViewHeader.h; sourceTree = "<group>"; };
		89A125411EC2E2830094011C /* MBStretchTableViewHeader.m */ = {isa = PBXFileReference; fileEncoding = 4; lastKnownFileType = sourcecode.c.objc; path = MBStretchTableViewHeader.m; sourceTree = "<group>"; };
/* End PBXFileReference section */

/* Begin PBXFrameworksBuildPhase section */
		891776AB1E63F3000060A8C8 /* Frameworks */ = {
			isa = PBXFrameworksBuildPhase;
			buildActionMask = 2147483647;
			files = (
			);
			runOnlyForDeploymentPostprocessing = 0;
		};
/* End PBXFrameworksBuildPhase section */

/* Begin PBXGroup section */
		891776A51E63F3000060A8C8 = {
			isa = PBXGroup;
			children = (
				891776B01E63F3000060A8C8 /* MBStretchTableViewHeader */,
				891776AF1E63F3000060A8C8 /* Products */,
			);
			sourceTree = "<group>";
		};
		891776AF1E63F3000060A8C8 /* Products */ = {
			isa = PBXGroup;
			children = (
				891776AE1E63F3000060A8C8 /* MBStretchTableViewHeader.app */,
			);
			name = Products;
			sourceTree = "<group>";
		};
		891776B01E63F3000060A8C8 /* MBStretchTableViewHeader */ = {
			isa = PBXGroup;
			children = (
				89A1253F1EC2E2830094011C /* MBStretch */,
				891776B41E63F3000060A8C8 /* AppDelegate.h */,
				891776B51E63F3000060A8C8 /* AppDelegate.m */,
				891776B71E63F3010060A8C8 /* ViewController.h */,
				891776B81E63F3020060A8C8 /* ViewController.m */,
				891776CD1E63FB3F0060A8C8 /* 1111.png */,
				891776D31E64237F0060A8C8 /* HeaderTemp.xib */,
				891776BA1E63F3020060A8C8 /* Main.storyboard */,
				891776BD1E63F3020060A8C8 /* Assets.xcassets */,
				891776BF1E63F3020060A8C8 /* LaunchScreen.storyboard */,
				891776C21E63F3020060A8C8 /* Info.plist */,
				891776B11E63F3000060A8C8 /* Supporting Files */,
			);
			path = MBStretchTableViewHeader;
			sourceTree = "<group>";
		};
		891776B11E63F3000060A8C8 /* Supporting Files */ = {
			isa = PBXGroup;
			children = (
				891776B21E63F3000060A8C8 /* main.m */,
			);
			name = "Supporting Files";
			sourceTree = "<group>";
		};
		89A1253F1EC2E2830094011C /* MBStretch */ = {
			isa = PBXGroup;
			children = (
				89A125401EC2E2830094011C /* MBStretchTableViewHeader.h */,
				89A125411EC2E2830094011C /* MBStretchTableViewHeader.m */,
			);
			path = MBStretch;
			sourceTree = "<group>";
		};
/* End PBXGroup section */

/* Begin PBXNativeTarget section */
		891776AD1E63F3000060A8C8 /* MBStretchTableViewHeader */ = {
			isa = PBXNativeTarget;
			buildConfigurationList = 891776C51E63F3020060A8C8 /* Build configuration list for PBXNativeTarget "MBStretchTableViewHeader" */;
			buildPhases = (
				891776AA1E63F3000060A8C8 /* Sources */,
				891776AB1E63F3000060A8C8 /* Frameworks */,
				891776AC1E63F3000060A8C8 /* Resources */,
			);
			buildRules = (
			);
			dependencies = (
			);
			name = MBStretchTableViewHeader;
			productName = MBStretchTableViewHeader;
			productReference = 891776AE1E63F3000060A8C8 /* MBStretchTableViewHeader.app */;
			productType = "com.apple.product-type.application";
		};
/* End PBXNativeTarget section */

/* Begin PBXProject section */
		891776A61E63F3000060A8C8 /* Project object */ = {
			isa = PBXProject;
			attributes = {
				LastUpgradeCheck = 0820;
				ORGANIZATIONNAME = Yuri;
				TargetAttributes = {
					891776AD1E63F3000060A8C8 = {
						CreatedOnToolsVersion = 8.2.1;
						DevelopmentTeam = P3946UUK47;
						ProvisioningStyle = Automatic;
					};
				};
			};
			buildConfigurationList = 891776A91E63F3000060A8C8 /* Build configuration list for PBXProject "MBStretchTableViewHeader" */;
			compatibilityVersion = "Xcode 3.2";
			developmentRegion = English;
			hasScannedForEncodings = 0;
			knownRegions = (
				en,
				Base,
			);
			mainGroup = 891776A51E63F3000060A8C8;
			productRefGroup = 891776AF1E63F3000060A8C8 /* Products */;
			projectDirPath = "";
			projectRoot = "";
			targets = (
				891776AD1E63F3000060A8C8 /* MBStretchTableViewHeader */,
			);
		};
/* End PBXProject section */

/* Begin PBXResourcesBuildPhase section */
		891776AC1E63F3000060A8C8 /* Resources */ = {
			isa = PBXResourcesBuildPhase;
			buildActionMask = 2147483647;
			files = (
				891776C11E63F3020060A8C8 /* LaunchScreen.storyboard in Resources */,
				891776BE1E63F3020060A8C8 /* Assets.xcassets in Resources */,
				891776CE1E63FB3F0060A8C8 /* 1111.png in Resources */,
				891776D41E64237F0060A8C8 /* HeaderTemp.xib in Resources */,
				891776BC1E63F3020060A8C8 /* Main.storyboard in Resources */,
			);
			runOnlyForDeploymentPostprocessing = 0;
		};
/* End PBXResourcesBuildPhase section */

/* Begin PBXSourcesBuildPhase section */
		891776AA1E63F3000060A8C8 /* Sources */ = {
			isa = PBXSourcesBuildPhase;
			buildActionMask = 2147483647;
			files = (
				891776B91E63F3020060A8C8 /* ViewController.m in Sources */,
				89A125421EC2E2830094011C /* MBStretchTableViewHeader.m in Sources */,
				891776B61E63F3000060A8C8 /* AppDelegate.m in Sources */,
				891776B31E63F3000060A8C8 /* main.m in Sources */,
			);
			runOnlyForDeploymentPostprocessing = 0;
		};
/* End PBXSourcesBuildPhase section */

/* Begin PBXVariantGroup section */
		891776BA1E63F3020060A8C8 /* Main.storyboard */ = {
			isa = PBXVariantGroup;
			children = (
				891776BB1E63F3020060A8C8 /* Base */,
			);
			name = Main.storyboard;
			sourceTree = "<group>";
		};
		891776BF1E63F3020060A8C8 /* LaunchScreen.storyboard */ = {
			isa = PBXVariantGroup;
			children = (
				891776C01E63F3020060A8C8 /* Base */,
			);
			name = LaunchScreen.storyboard;
			sourceTree = "<group>";
		};
/* End PBXVariantGroup section */

/* Begin XCBuildConfiguration section */
		891776C31E63F3020060A8C8 /* Debug */ = {
			isa = XCBuildConfiguration;
			buildSettings = {
				ALWAYS_SEARCH_USER_PATHS = NO;
				CLANG_ANALYZER_NONNULL = YES;
				CLANG_CXX_LANGUAGE_STANDARD = "gnu++0x";
				CLANG_CXX_LIBRARY = "libc++";
				CLANG_ENABLE_MODULES = YES;
				CLANG_ENABLE_OBJC_ARC = YES;
				CLANG_WARN_BOOL_CONVERSION = YES;
				CLANG_WARN_CONSTANT_CONVERSION = YES;
				CLANG_WARN_DIRECT_OBJC_ISA_USAGE = YES_ERROR;
				CLANG_WARN_DOCUMENTATION_COMMENTS = YES;
				CLANG_WARN_EMPTY_BODY = YES;
				CLANG_WARN_ENUM_CONVERSION = YES;
				CLANG_WARN_INFINITE_RECURSION = YES;
				CLANG_WARN_INT_CONVERSION = YES;
				CLANG_WARN_OBJC_ROOT_CLASS = YES_ERROR;
				CLANG_WARN_SUSPICIOUS_MOVE = YES;
				CLANG_WARN_UNREACHABLE_CODE = YES;
				CLANG_WARN__DUPLICATE_METHOD_MATCH = YES;
				"CODE_SIGN_IDENTITY[sdk=iphoneos*]" = "iPhone Developer";
				COPY_PHASE_STRIP = NO;
				DEBUG_INFORMATION_FORMAT = dwarf;
				ENABLE_STRICT_OBJC_MSGSEND = YES;
				ENABLE_TESTABILITY = YES;
				GCC_C_LANGUAGE_STANDARD = gnu99;
				GCC_DYNAMIC_NO_PIC = NO;
				GCC_NO_COMMON_BLOCKS = YES;
				GCC_OPTIMIZATION_LEVEL = 0;
				GCC_PREPROCESSOR_DEFINITIONS = (
					"DEBUG=1",
					"$(inherited)",
				);
				GCC_WARN_64_TO_32_BIT_CONVERSION = YES;
				GCC_WARN_ABOUT_RETURN_TYPE = YES_ERROR;
				GCC_WARN_UNDECLARED_SELECTOR = YES;
				GCC_WARN_UNINITIALIZED_AUTOS = YES_AGGRESSIVE;
				GCC_WARN_UNUSED_FUNCTION = YES;
				GCC_WARN_UNUSED_VARIABLE = YES;
				IPHONEOS_DEPLOYMENT_TARGET = 10.2;
				MTL_ENABLE_DEBUG_INFO = YES;
				ONLY_ACTIVE_ARCH = YES;
				SDKROOT = iphoneos;
				TARGETED_DEVICE_FAMILY = "1,2";
			};
			name = Debug;
		};
		891776C41E63F3020060A8C8 /* Release */ = {
			isa = XCBuildConfiguration;
			buildSettings = {
				ALWAYS_SEARCH_USER_PATHS = NO;
				CLANG_ANALYZER_NONNULL = YES;
				CLANG_CXX_LANGUAGE_STANDARD = "gnu++0x";
				CLANG_CXX_LIBRARY = "libc++";
				CLANG_ENABLE_MODULES = YES;
				CLANG_ENABLE_OBJC_ARC = YES;
				CLANG_WARN_BOOL_CONVERSION = YES;
				CLANG_WARN_CONSTANT_CONVERSION = YES;
				CLANG_WARN_DIRECT_OBJC_ISA_USAGE = YES_ERROR;
				CLANG_WARN_DOCUMENTATION_COMMENTS = YES;
				CLANG_WARN_EMPTY_BODY = YES;
				CLANG_WARN_ENUM_CONVERSION = YES;
				CLANG_WARN_INFINITE_RECURSION = YES;
				CLANG_WARN_INT_CONVERSION = YES;
				CLANG_WARN_OBJC_ROOT_CLASS = YES_ERROR;
				CLANG_WARN_SUSPICIOUS_MOVE = YES;
				CLANG_WARN_UNREACHABLE_CODE = YES;
				CLANG_WARN__DUPLICATE_METHOD_MATCH = YES;
				"CODE_SIGN_IDENTITY[sdk=iphoneos*]" = "iPhone Developer";
				COPY_PHASE_STRIP = NO;
				DEBUG_INFORMATION_FORMAT = "dwarf-with-dsym";
				ENABLE_NS_ASSERTIONS = NO;
				ENABLE_STRICT_OBJC_MSGSEND = YES;
				GCC_C_LANGUAGE_STANDARD = gnu99;
				GCC_NO_COMMON_BLOCKS = YES;
				GCC_WARN_64_TO_32_BIT_CONVERSION = YES;
				GCC_WARN_ABOUT_RETURN_TYPE = YES_ERROR;
				GCC_WARN_UNDECLARED_SELECTOR = YES;
				GCC_WARN_UNINITIALIZED_AUTOS = YES_AGGRESSIVE;
				GCC_WARN_UNUSED_FUNCTION = YES;
				GCC_WARN_UNUSED_VARIABLE = YES;
				IPHONEOS_DEPLOYMENT_TARGET = 10.2;
				MTL_ENABLE_DEBUG_INFO = NO;
				SDKROOT = iphoneos;
				TARGETED_DEVICE_FAMILY = "1,2";
				VALIDATE_PRODUCT = YES;
			};
			name = Release;
		};
		891776C61E63F3020060A8C8 /* Debug */ = {
			isa = XCBuildConfiguration;
			buildSettings = {
				ASSETCATALOG_COMPILER_APPICON_NAME = AppIcon;
				DEVELOPMENT_TEAM = P3946UUK47;
				INFOPLIST_FILE = MBStretchTableViewHeader/Info.plist;
				LD_RUNPATH_SEARCH_PATHS = "$(inherited) @executable_path/Frameworks";
				PRODUCT_BUNDLE_IDENTIFIER = com.Yuri.MBStretchTableViewHeader;
				PRODUCT_NAME = "$(TARGET_NAME)";
			};
			name = Debug;
		};
		891776C71E63F3020060A8C8 /* Release */ = {
			isa = XCBuildConfiguration;
			buildSettings = {
				ASSETCATALOG_COMPILER_APPICON_NAME = AppIcon;
				DEVELOPMENT_TEAM = P3946UUK47;
				INFOPLIST_FILE = MBStretchTableViewHeader/Info.plist;
				LD_RUNPATH_SEARCH_PATHS = "$(inherited) @executable_path/Frameworks";
				PRODUCT_BUNDLE_IDENTIFIER = com.Yuri.MBStretchTableViewHeader;
				PRODUCT_NAME = "$(TARGET_NAME)";
			};
			name = Release;
		};
/* End XCBuildConfiguration section */

/* Begin XCConfigurationList section */
		891776A91E63F3000060A8C8 /* Build configuration list for PBXProject "MBStretchTableViewHeader" */ = {
			isa = XCConfigurationList;
			buildConfigurations = (
				891776C31E63F3020060A8C8 /* Debug */,
				891776C41E63F3020060A8C8 /* Release */,
			);
			defaultConfigurationIsVisible = 0;
			defaultConfigurationName = Release;
		};
		891776C51E63F3020060A8C8 /* Build configuration list for PBXNativeTarget "MBStretchTableViewHeader" */ = {
			isa = XCConfigurationList;
			buildConfigurations = (
				891776C61E63F3020060A8C8 /* Debug */,
				891776C71E63F3020060A8C8 /* Release */,
			);
			defaultConfigurationIsVisible = 0;
			defaultConfigurationName = Release;
		};
/* End XCConfigurationList section */
	};
	rootObject = 891776A61E63F3000060A8C8 /* Project object */;
}
